
Microsoft Visual Studio Solution File, Format Version 12.00
# Visual Studio Version 17
VisualStudioVersion = 17.5.33502.453
MinimumVisualStudioVersion = 10.0.40219.1
Project("{FAE04EC0-301F-11D3-BF4B-00C04F79EFBC}") = "Shop", "Shop\Shop.csproj", "{3FCF909B-A761-4BBA-8B9C-FFB262D95DC7}"
EndProject
Global
	GlobalSection(SolutionConfigurationPlatforms) = preSolution
		Debug|Any CPU = Debug|Any CPU
		Release|Any CPU = Release|Any CPU
	EndGlobalSection
	GlobalSection(ProjectConfigurationPlatforms) = postSolution
		{3FCF909B-A761-4BBA-8B9C-FFB262D95DC7}.Debug|Any CPU.ActiveCfg = Debug|Any CPU
		{3FCF909B-A761-4BBA-8B9C-FFB262D95DC7}.Debug|Any CPU.Build.0 = Debug|Any CPU
		{3FCF909B-A761-4BBA-8B9C-FFB262D95DC7}.Release|Any CPU.ActiveCfg = Release|Any CPU
		{3FCF909B-A761-4BBA-8B9C-FFB262D95DC7}.Release|Any CPU.Build.0 = Release|Any CPU
	EndGlobalSection
	GlobalSection(SolutionProperties) = preSolution
		HideSolutionNode = FALSE
	EndGlobalSection
	GlobalSection(ExtensibilityGlobals) = postSolution
		SolutionGuid = {5D17E519-C267-4182-B983-8A1020875409}
	EndGlobalSection
EndGlobal
